// !$*UTF8*$!
{
	archiveVersion = 1;
	classes = {
	};
	objectVersion = 51;
	objects = {

/* Begin PBXBuildFile section */
		2207692322D9C0DD00A27AF0 /* AddMemberViewController.swift in Sources */ = {isa = PBXBuildFile; fileRef = 2207692222D9C0DD00A27AF0 /* AddMemberViewController.swift */; };
		2207692522D9D5BD00A27AF0 /* Member.swift in Sources */ = {isa = PBXBuildFile; fileRef = 2207692422D9D5BD00A27AF0 /* Member.swift */; };
		2216854822F48445009CCF80 /* RidgeIssues.swift in Sources */ = {isa = PBXBuildFile; fileRef = 2216854722F48445009CCF80 /* RidgeIssues.swift */; };
		2216854A22F48946009CCF80 /* AddIssuesViewController.swift in Sources */ = {isa = PBXBuildFile; fileRef = 2216854922F48946009CCF80 /* AddIssuesViewController.swift */; };
		2218F36622D8E595004D5B8B /* BoardTableViewCell.swift in Sources */ = {isa = PBXBuildFile; fileRef = 2218F36522D8E595004D5B8B /* BoardTableViewCell.swift */; };
		222E9B9522D4927600C2D2C5 /* AppDelegate.swift in Sources */ = {isa = PBXBuildFile; fileRef = 222E9B9422D4927600C2D2C5 /* AppDelegate.swift */; };
		222E9B9722D4927600C2D2C5 /* DashBoardVC.swift in Sources */ = {isa = PBXBuildFile; fileRef = 222E9B9622D4927600C2D2C5 /* DashBoardVC.swift */; };
		222E9B9A22D4927600C2D2C5 /* Main.storyboard in Resources */ = {isa = PBXBuildFile; fileRef = 222E9B9822D4927600C2D2C5 /* Main.storyboard */; };
		222E9B9C22D4927800C2D2C5 /* Assets.xcassets in Resources */ = {isa = PBXBuildFile; fileRef = 222E9B9B22D4927800C2D2C5 /* Assets.xcassets */; };
		222E9B9F22D4927800C2D2C5 /* LaunchScreen.storyboard in Resources */ = {isa = PBXBuildFile; fileRef = 222E9B9D22D4927800C2D2C5 /* LaunchScreen.storyboard */; };
		222E9BAA22D4927800C2D2C5 /* RidgeVoiceTests.swift in Sources */ = {isa = PBXBuildFile; fileRef = 222E9BA922D4927800C2D2C5 /* RidgeVoiceTests.swift */; };
		222E9BB522D4927800C2D2C5 /* RidgeVoiceUITests.swift in Sources */ = {isa = PBXBuildFile; fileRef = 222E9BB422D4927800C2D2C5 /* RidgeVoiceUITests.swift */; };
		222F809222F7162200B8EBC0 /* ItemDetailsViewController.swift in Sources */ = {isa = PBXBuildFile; fileRef = 222F809122F7162200B8EBC0 /* ItemDetailsViewController.swift */; };
		225382A522DB0BE2008845AF /* AnnouncementTableViewCell.swift in Sources */ = {isa = PBXBuildFile; fileRef = 225382A422DB0BE2008845AF /* AnnouncementTableViewCell.swift */; };
		225382A722DB1AD2008845AF /* Announcement.swift in Sources */ = {isa = PBXBuildFile; fileRef = 225382A622DB1AD2008845AF /* Announcement.swift */; };
		225382A922DB1BE7008845AF /* CreatedAt.swift in Sources */ = {isa = PBXBuildFile; fileRef = 225382A822DB1BE7008845AF /* CreatedAt.swift */; };
		225382AB22DB2158008845AF /* PostAnnouncementViewController.swift in Sources */ = {isa = PBXBuildFile; fileRef = 225382AA22DB2158008845AF /* PostAnnouncementViewController.swift */; };
		22782CE422F5CB9D00E89BDE /* Item.swift in Sources */ = {isa = PBXBuildFile; fileRef = 22782CE322F5CB9D00E89BDE /* Item.swift */; };
		22782CE622F5E91D00E89BDE /* AddItemViewController.swift in Sources */ = {isa = PBXBuildFile; fileRef = 22782CE522F5E91D00E89BDE /* AddItemViewController.swift */; };
		229EEB7D22E88490003E1905 /* EditProfileViewController.swift in Sources */ = {isa = PBXBuildFile; fileRef = 229EEB7C22E88490003E1905 /* EditProfileViewController.swift */; };
		22A72D1F22D495C3008B9B83 /* MediumBlogColorScheme_FullCode.swift in Sources */ = {isa = PBXBuildFile; fileRef = 22A72D1E22D495C3008B9B83 /* MediumBlogColorScheme_FullCode.swift */; };
		22A72D2222D4A331008B9B83 /* GoogleService-Info.plist in Resources */ = {isa = PBXBuildFile; fileRef = 22A72D2122D4A331008B9B83 /* GoogleService-Info.plist */; };
		22AD792622D6044B0000CB6D /* User.swift in Sources */ = {isa = PBXBuildFile; fileRef = 22AD792522D6044B0000CB6D /* User.swift */; };
		22C0D6E522D4A75700A33D9A /* LoginViewController.swift in Sources */ = {isa = PBXBuildFile; fileRef = 22C0D6E422D4A75700A33D9A /* LoginViewController.swift */; };
		22C0D6E922D4B50F00A33D9A /* ActivityIndicator.swift in Sources */ = {isa = PBXBuildFile; fileRef = 22C0D6E822D4B50F00A33D9A /* ActivityIndicator.swift */; };
		22C0D6EB22D4B59600A33D9A /* Utility.swift in Sources */ = {isa = PBXBuildFile; fileRef = 22C0D6EA22D4B59600A33D9A /* Utility.swift */; };
		22C0D6ED22D4D98D00A33D9A /* SignUpViewController.swift in Sources */ = {isa = PBXBuildFile; fileRef = 22C0D6EC22D4D98D00A33D9A /* SignUpViewController.swift */; };
		22CB994C22E7296A005D5F6A /* ProfileTableViewCell.swift in Sources */ = {isa = PBXBuildFile; fileRef = 22CB994B22E7296A005D5F6A /* ProfileTableViewCell.swift */; };
		22D239EA22D8A1F7008B0AA1 /* CollectionViewCell.swift in Sources */ = {isa = PBXBuildFile; fileRef = 22D239E922D8A1F7008B0AA1 /* CollectionViewCell.swift */; };
		22D239F622D8A8FA008B0AA1 /* ProfileViewController.swift in Sources */ = {isa = PBXBuildFile; fileRef = 22D239F522D8A8FA008B0AA1 /* ProfileViewController.swift */; };
		22D239F822D8AC4F008B0AA1 /* BoardMembersVC.swift in Sources */ = {isa = PBXBuildFile; fileRef = 22D239F722D8AC4F008B0AA1 /* BoardMembersVC.swift */; };
		22D239FA22D8AC72008B0AA1 /* BuySellVC.swift in Sources */ = {isa = PBXBuildFile; fileRef = 22D239F922D8AC72008B0AA1 /* BuySellVC.swift */; };
		22D239FC22D8AC89008B0AA1 /* AnnouncementVC.swift in Sources */ = {isa = PBXBuildFile; fileRef = 22D239FB22D8AC89008B0AA1 /* AnnouncementVC.swift */; };
		22D239FE22D8ACA1008B0AA1 /* RidgeIssuesVC.swift in Sources */ = {isa = PBXBuildFile; fileRef = 22D239FD22D8ACA1008B0AA1 /* RidgeIssuesVC.swift */; };
		E1938B32B45B0D5EF705E512 /* Pods_RidgeVoice.framework in Frameworks */ = {isa = PBXBuildFile; fileRef = A77DFC2AFE68B3ED869D163C /* Pods_RidgeVoice.framework */; };
/* End PBXBuildFile section */

/* Begin PBXContainerItemProxy section */
		222E9BA622D4927800C2D2C5 /* PBXContainerItemProxy */ = {
			isa = PBXContainerItemProxy;
			containerPortal = 222E9B8922D4927600C2D2C5 /* Project object */;
			proxyType = 1;
			remoteGlobalIDString = 222E9B9022D4927600C2D2C5;
			remoteInfo = RidgeVoice;
		};
		222E9BB122D4927800C2D2C5 /* PBXContainerItemProxy */ = {
			isa = PBXContainerItemProxy;
			containerPortal = 222E9B8922D4927600C2D2C5 /* Project object */;
			proxyType = 1;
			remoteGlobalIDString = 222E9B9022D4927600C2D2C5;
			remoteInfo = RidgeVoice;
		};
/* End PBXContainerItemProxy section */

/* Begin PBXFileReference section */
		2207692222D9C0DD00A27AF0 /* AddMemberViewController.swift */ = {isa = PBXFileReference; lastKnownFileType = sourcecode.swift; path = AddMemberViewController.swift; sourceTree = "<group>"; };
		2207692422D9D5BD00A27AF0 /* Member.swift */ = {isa = PBXFileReference; lastKnownFileType = sourcecode.swift; path = Member.swift; sourceTree = "<group>"; };
		2216854722F48445009CCF80 /* RidgeIssues.swift */ = {isa = PBXFileReference; lastKnownFileType = sourcecode.swift; path = RidgeIssues.swift; sourceTree = "<group>"; };
		2216854922F48946009CCF80 /* AddIssuesViewController.swift */ = {isa = PBXFileReference; lastKnownFileType = sourcecode.swift; path = AddIssuesViewController.swift; sourceTree = "<group>"; };
		2218F36522D8E595004D5B8B /* BoardTableViewCell.swift */ = {isa = PBXFileReference; lastKnownFileType = sourcecode.swift; path = BoardTableViewCell.swift; sourceTree = "<group>"; };
		222E9B9122D4927600C2D2C5 /* RidgeVoice.app */ = {isa = PBXFileReference; explicitFileType = wrapper.application; includeInIndex = 0; path = RidgeVoice.app; sourceTree = BUILT_PRODUCTS_DIR; };
		222E9B9422D4927600C2D2C5 /* AppDelegate.swift */ = {isa = PBXFileReference; lastKnownFileType = sourcecode.swift; path = AppDelegate.swift; sourceTree = "<group>"; };
		222E9B9622D4927600C2D2C5 /* DashBoardVC.swift */ = {isa = PBXFileReference; lastKnownFileType = sourcecode.swift; path = DashBoardVC.swift; sourceTree = "<group>"; };
		222E9B9922D4927600C2D2C5 /* Base */ = {isa = PBXFileReference; lastKnownFileType = file.storyboard; name = Base; path = Base.lproj/Main.storyboard; sourceTree = "<group>"; };
		222E9B9B22D4927800C2D2C5 /* Assets.xcassets */ = {isa = PBXFileReference; lastKnownFileType = folder.assetcatalog; path = Assets.xcassets; sourceTree = "<group>"; };
		222E9B9E22D4927800C2D2C5 /* Base */ = {isa = PBXFileReference; lastKnownFileType = file.storyboard; name = Base; path = Base.lproj/LaunchScreen.storyboard; sourceTree = "<group>"; };
		222E9BA022D4927800C2D2C5 /* Info.plist */ = {isa = PBXFileReference; lastKnownFileType = text.plist.xml; path = Info.plist; sourceTree = "<group>"; };
		222E9BA522D4927800C2D2C5 /* RidgeVoiceTests.xctest */ = {isa = PBXFileReference; explicitFileType = wrapper.cfbundle; includeInIndex = 0; path = RidgeVoiceTests.xctest; sourceTree = BUILT_PRODUCTS_DIR; };
		222E9BA922D4927800C2D2C5 /* RidgeVoiceTests.swift */ = {isa = PBXFileReference; lastKnownFileType = sourcecode.swift; path = RidgeVoiceTests.swift; sourceTree = "<group>"; };
		222E9BAB22D4927800C2D2C5 /* Info.plist */ = {isa = PBXFileReference; lastKnownFileType = text.plist.xml; path = Info.plist; sourceTree = "<group>"; };
		222E9BB022D4927800C2D2C5 /* RidgeVoiceUITests.xctest */ = {isa = PBXFileReference; explicitFileType = wrapper.cfbundle; includeInIndex = 0; path = RidgeVoiceUITests.xctest; sourceTree = BUILT_PRODUCTS_DIR; };
		222E9BB422D4927800C2D2C5 /* RidgeVoiceUITests.swift */ = {isa = PBXFileReference; lastKnownFileType = sourcecode.swift; path = RidgeVoiceUITests.swift; sourceTree = "<group>"; };
		222E9BB622D4927800C2D2C5 /* Info.plist */ = {isa = PBXFileReference; lastKnownFileType = text.plist.xml; path = Info.plist; sourceTree = "<group>"; };
		222F809122F7162200B8EBC0 /* ItemDetailsViewController.swift */ = {isa = PBXFileReference; lastKnownFileType = sourcecode.swift; path = ItemDetailsViewController.swift; sourceTree = "<group>"; };
		225382A422DB0BE2008845AF /* AnnouncementTableViewCell.swift */ = {isa = PBXFileReference; lastKnownFileType = sourcecode.swift; path = AnnouncementTableViewCell.swift; sourceTree = "<group>"; };
		225382A622DB1AD2008845AF /* Announcement.swift */ = {isa = PBXFileReference; lastKnownFileType = sourcecode.swift; path = Announcement.swift; sourceTree = "<group>"; };
		225382A822DB1BE7008845AF /* CreatedAt.swift */ = {isa = PBXFileReference; lastKnownFileType = sourcecode.swift; path = CreatedAt.swift; sourceTree = "<group>"; };
		225382AA22DB2158008845AF /* PostAnnouncementViewController.swift */ = {isa = PBXFileReference; lastKnownFileType = sourcecode.swift; path = PostAnnouncementViewController.swift; sourceTree = "<group>"; };
		22782CE322F5CB9D00E89BDE /* Item.swift */ = {isa = PBXFileReference; lastKnownFileType = sourcecode.swift; path = Item.swift; sourceTree = "<group>"; };
		22782CE522F5E91D00E89BDE /* AddItemViewController.swift */ = {isa = PBXFileReference; lastKnownFileType = sourcecode.swift; path = AddItemViewController.swift; sourceTree = "<group>"; };
		229EEB7C22E88490003E1905 /* EditProfileViewController.swift */ = {isa = PBXFileReference; lastKnownFileType = sourcecode.swift; path = EditProfileViewController.swift; sourceTree = "<group>"; };
		22A72D1E22D495C3008B9B83 /* MediumBlogColorScheme_FullCode.swift */ = {isa = PBXFileReference; fileEncoding = 4; lastKnownFileType = sourcecode.swift; path = MediumBlogColorScheme_FullCode.swift; sourceTree = "<group>"; };
		22A72D2122D4A331008B9B83 /* GoogleService-Info.plist */ = {isa = PBXFileReference; fileEncoding = 4; lastKnownFileType = text.plist.xml; path = "GoogleService-Info.plist"; sourceTree = "<group>"; };
		22AD792522D6044B0000CB6D /* User.swift */ = {isa = PBXFileReference; lastKnownFileType = sourcecode.swift; path = User.swift; sourceTree = "<group>"; };
		22C0D6E422D4A75700A33D9A /* LoginViewController.swift */ = {isa = PBXFileReference; lastKnownFileType = sourcecode.swift; path = LoginViewController.swift; sourceTree = "<group>"; };
		22C0D6E822D4B50F00A33D9A /* ActivityIndicator.swift */ = {isa = PBXFileReference; lastKnownFileType = sourcecode.swift; path = ActivityIndicator.swift; sourceTree = "<group>"; };
		22C0D6EA22D4B59600A33D9A /* Utility.swift */ = {isa = PBXFileReference; lastKnownFileType = sourcecode.swift; path = Utility.swift; sourceTree = "<group>"; };
		22C0D6EC22D4D98D00A33D9A /* SignUpViewController.swift */ = {isa = PBXFileReference; lastKnownFileType = sourcecode.swift; path = SignUpViewController.swift; sourceTree = "<group>"; };
		22CB994B22E7296A005D5F6A /* ProfileTableViewCell.swift */ = {isa = PBXFileReference; lastKnownFileType = sourcecode.swift; path = ProfileTableViewCell.swift; sourceTree = "<group>"; };
		22D239E922D8A1F7008B0AA1 /* CollectionViewCell.swift */ = {isa = PBXFileReference; lastKnownFileType = sourcecode.swift; path = CollectionViewCell.swift; sourceTree = "<group>"; };
		22D239F522D8A8FA008B0AA1 /* ProfileViewController.swift */ = {isa = PBXFileReference; lastKnownFileType = sourcecode.swift; path = ProfileViewController.swift; sourceTree = "<group>"; };
		22D239F722D8AC4F008B0AA1 /* BoardMembersVC.swift */ = {isa = PBXFileReference; lastKnownFileType = sourcecode.swift; path = BoardMembersVC.swift; sourceTree = "<group>"; };
		22D239F922D8AC72008B0AA1 /* BuySellVC.swift */ = {isa = PBXFileReference; lastKnownFileType = sourcecode.swift; path = BuySellVC.swift; sourceTree = "<group>"; };
		22D239FB22D8AC89008B0AA1 /* AnnouncementVC.swift */ = {isa = PBXFileReference; lastKnownFileType = sourcecode.swift; path = AnnouncementVC.swift; sourceTree = "<group>"; };
		22D239FD22D8ACA1008B0AA1 /* RidgeIssuesVC.swift */ = {isa = PBXFileReference; lastKnownFileType = sourcecode.swift; path = RidgeIssuesVC.swift; sourceTree = "<group>"; };
		9CB7F70FD361D95C779AEA21 /* Pods-RidgeVoice.debug.xcconfig */ = {isa = PBXFileReference; includeInIndex = 1; lastKnownFileType = text.xcconfig; name = "Pods-RidgeVoice.debug.xcconfig"; path = "Target Support Files/Pods-RidgeVoice/Pods-RidgeVoice.debug.xcconfig"; sourceTree = "<group>"; };
		A77DFC2AFE68B3ED869D163C /* Pods_RidgeVoice.framework */ = {isa = PBXFileReference; explicitFileType = wrapper.framework; includeInIndex = 0; path = Pods_RidgeVoice.framework; sourceTree = BUILT_PRODUCTS_DIR; };
		CF7AF2EC4F66104E751691D7 /* Pods-RidgeVoice.release.xcconfig */ = {isa = PBXFileReference; includeInIndex = 1; lastKnownFileType = text.xcconfig; name = "Pods-RidgeVoice.release.xcconfig"; path = "Target Support Files/Pods-RidgeVoice/Pods-RidgeVoice.release.xcconfig"; sourceTree = "<group>"; };
/* End PBXFileReference section */

/* Begin PBXFrameworksBuildPhase section */
		222E9B8E22D4927600C2D2C5 /* Frameworks */ = {
			isa = PBXFrameworksBuildPhase;
			buildActionMask = 2147483647;
			files = (
				E1938B32B45B0D5EF705E512 /* Pods_RidgeVoice.framework in Frameworks */,
			);
			runOnlyForDeploymentPostprocessing = 0;
		};
		222E9BA222D4927800C2D2C5 /* Frameworks */ = {
			isa = PBXFrameworksBuildPhase;
			buildActionMask = 2147483647;
			files = (
			);
			runOnlyForDeploymentPostprocessing = 0;
		};
		222E9BAD22D4927800C2D2C5 /* Frameworks */ = {
			isa = PBXFrameworksBuildPhase;
			buildActionMask = 2147483647;
			files = (
			);
			runOnlyForDeploymentPostprocessing = 0;
		};
/* End PBXFrameworksBuildPhase section */

/* Begin PBXGroup section */
		2218F36422D8E56B004D5B8B /* TableViewCell */ = {
			isa = PBXGroup;
			children = (
				2218F36522D8E595004D5B8B /* BoardTableViewCell.swift */,
				225382A422DB0BE2008845AF /* AnnouncementTableViewCell.swift */,
				22CB994B22E7296A005D5F6A /* ProfileTableViewCell.swift */,
			);
			path = TableViewCell;
			sourceTree = "<group>";
		};
		222E9B8822D4927600C2D2C5 = {
			isa = PBXGroup;
			children = (
				222E9B9322D4927600C2D2C5 /* RidgeVoice */,
				222E9BA822D4927800C2D2C5 /* RidgeVoiceTests */,
				222E9BB322D4927800C2D2C5 /* RidgeVoiceUITests */,
				222E9B9222D4927600C2D2C5 /* Products */,
				542CB8024D694E0F388A3559 /* Pods */,
				6A67D78B5656DA71F273E86B /* Frameworks */,
			);
			sourceTree = "<group>";
		};
		222E9B9222D4927600C2D2C5 /* Products */ = {
			isa = PBXGroup;
			children = (
				222E9B9122D4927600C2D2C5 /* RidgeVoice.app */,
				222E9BA522D4927800C2D2C5 /* RidgeVoiceTests.xctest */,
				222E9BB022D4927800C2D2C5 /* RidgeVoiceUITests.xctest */,
			);
			name = Products;
			sourceTree = "<group>";
		};
		222E9B9322D4927600C2D2C5 /* RidgeVoice */ = {
			isa = PBXGroup;
			children = (
				22AD792422D6042D0000CB6D /* Model */,
				22C0D6E322D4A72B00A33D9A /* ViewControllers */,
				22A72D2022D4A321008B9B83 /* Resources */,
				22A72D1D22D495AC008B9B83 /* Utility */,
				222E9B9422D4927600C2D2C5 /* AppDelegate.swift */,
				222E9B9822D4927600C2D2C5 /* Main.storyboard */,
				222E9B9B22D4927800C2D2C5 /* Assets.xcassets */,
				222E9B9D22D4927800C2D2C5 /* LaunchScreen.storyboard */,
				222E9BA022D4927800C2D2C5 /* Info.plist */,
			);
			path = RidgeVoice;
			sourceTree = "<group>";
		};
		222E9BA822D4927800C2D2C5 /* RidgeVoiceTests */ = {
			isa = PBXGroup;
			children = (
				222E9BA922D4927800C2D2C5 /* RidgeVoiceTests.swift */,
				222E9BAB22D4927800C2D2C5 /* Info.plist */,
			);
			path = RidgeVoiceTests;
			sourceTree = "<group>";
		};
		222E9BB322D4927800C2D2C5 /* RidgeVoiceUITests */ = {
			isa = PBXGroup;
			children = (
				222E9BB422D4927800C2D2C5 /* RidgeVoiceUITests.swift */,
				222E9BB622D4927800C2D2C5 /* Info.plist */,
			);
			path = RidgeVoiceUITests;
			sourceTree = "<group>";
		};
		22A72D1D22D495AC008B9B83 /* Utility */ = {
			isa = PBXGroup;
			children = (
				22A72D1E22D495C3008B9B83 /* MediumBlogColorScheme_FullCode.swift */,
				22C0D6E822D4B50F00A33D9A /* ActivityIndicator.swift */,
				22C0D6EA22D4B59600A33D9A /* Utility.swift */,
				22D239E922D8A1F7008B0AA1 /* CollectionViewCell.swift */,
			);
			path = Utility;
			sourceTree = "<group>";
		};
		22A72D2022D4A321008B9B83 /* Resources */ = {
			isa = PBXGroup;
			children = (
				22A72D2122D4A331008B9B83 /* GoogleService-Info.plist */,
			);
			path = Resources;
			sourceTree = "<group>";
		};
		22AD792422D6042D0000CB6D /* Model */ = {
			isa = PBXGroup;
			children = (
				22AD792522D6044B0000CB6D /* User.swift */,
				2207692422D9D5BD00A27AF0 /* Member.swift */,
				225382A622DB1AD2008845AF /* Announcement.swift */,
				225382A822DB1BE7008845AF /* CreatedAt.swift */,
				2216854722F48445009CCF80 /* RidgeIssues.swift */,
				22782CE322F5CB9D00E89BDE /* Item.swift */,
			);
			path = Model;
			sourceTree = "<group>";
		};
		22C0D6E322D4A72B00A33D9A /* ViewControllers */ = {
			isa = PBXGroup;
			children = (
				2218F36422D8E56B004D5B8B /* TableViewCell */,
				222E9B9622D4927600C2D2C5 /* DashBoardVC.swift */,
				22C0D6E422D4A75700A33D9A /* LoginViewController.swift */,
				22C0D6EC22D4D98D00A33D9A /* SignUpViewController.swift */,
				22D239F522D8A8FA008B0AA1 /* ProfileViewController.swift */,
				22D239F722D8AC4F008B0AA1 /* BoardMembersVC.swift */,
				22D239F922D8AC72008B0AA1 /* BuySellVC.swift */,
				22D239FB22D8AC89008B0AA1 /* AnnouncementVC.swift */,
				22D239FD22D8ACA1008B0AA1 /* RidgeIssuesVC.swift */,
				2207692222D9C0DD00A27AF0 /* AddMemberViewController.swift */,
				225382AA22DB2158008845AF /* PostAnnouncementViewController.swift */,
				229EEB7C22E88490003E1905 /* EditProfileViewController.swift */,
				2216854922F48946009CCF80 /* AddIssuesViewController.swift */,
				22782CE522F5E91D00E89BDE /* AddItemViewController.swift */,
				222F809122F7162200B8EBC0 /* ItemDetailsViewController.swift */,
			);
			path = ViewControllers;
			sourceTree = "<group>";
		};
		542CB8024D694E0F388A3559 /* Pods */ = {
			isa = PBXGroup;
			children = (
				9CB7F70FD361D95C779AEA21 /* Pods-RidgeVoice.debug.xcconfig */,
				CF7AF2EC4F66104E751691D7 /* Pods-RidgeVoice.release.xcconfig */,
			);
			path = Pods;
			sourceTree = "<group>";
		};
		6A67D78B5656DA71F273E86B /* Frameworks */ = {
			isa = PBXGroup;
			children = (
				A77DFC2AFE68B3ED869D163C /* Pods_RidgeVoice.framework */,
			);
			name = Frameworks;
			sourceTree = "<group>";
		};
/* End PBXGroup section */

/* Begin PBXNativeTarget section */
		222E9B9022D4927600C2D2C5 /* RidgeVoice */ = {
			isa = PBXNativeTarget;
			buildConfigurationList = 222E9BB922D4927800C2D2C5 /* Build configuration list for PBXNativeTarget "RidgeVoice" */;
			buildPhases = (
				7B2BD757C1CC238C0E485DCA /* [CP] Check Pods Manifest.lock */,
				222E9B8D22D4927600C2D2C5 /* Sources */,
				222E9B8E22D4927600C2D2C5 /* Frameworks */,
				222E9B8F22D4927600C2D2C5 /* Resources */,
				A7B0E66BDF0581E766BE1D4B /* [CP] Embed Pods Frameworks */,
			);
			buildRules = (
			);
			dependencies = (
			);
			name = RidgeVoice;
			productName = RidgeVoice;
			productReference = 222E9B9122D4927600C2D2C5 /* RidgeVoice.app */;
			productType = "com.apple.product-type.application";
		};
		222E9BA422D4927800C2D2C5 /* RidgeVoiceTests */ = {
			isa = PBXNativeTarget;
			buildConfigurationList = 222E9BBC22D4927800C2D2C5 /* Build configuration list for PBXNativeTarget "RidgeVoiceTests" */;
			buildPhases = (
				222E9BA122D4927800C2D2C5 /* Sources */,
				222E9BA222D4927800C2D2C5 /* Frameworks */,
				222E9BA322D4927800C2D2C5 /* Resources */,
			);
			buildRules = (
			);
			dependencies = (
				222E9BA722D4927800C2D2C5 /* PBXTargetDependency */,
			);
			name = RidgeVoiceTests;
			productName = RidgeVoiceTests;
			productReference = 222E9BA522D4927800C2D2C5 /* RidgeVoiceTests.xctest */;
			productType = "com.apple.product-type.bundle.unit-test";
		};
		222E9BAF22D4927800C2D2C5 /* RidgeVoiceUITests */ = {
			isa = PBXNativeTarget;
			buildConfigurationList = 222E9BBF22D4927800C2D2C5 /* Build configuration list for PBXNativeTarget "RidgeVoiceUITests" */;
			buildPhases = (
				222E9BAC22D4927800C2D2C5 /* Sources */,
				222E9BAD22D4927800C2D2C5 /* Frameworks */,
				222E9BAE22D4927800C2D2C5 /* Resources */,
			);
			buildRules = (
			);
			dependencies = (
				222E9BB222D4927800C2D2C5 /* PBXTargetDependency */,
			);
			name = RidgeVoiceUITests;
			productName = RidgeVoiceUITests;
			productReference = 222E9BB022D4927800C2D2C5 /* RidgeVoiceUITests.xctest */;
			productType = "com.apple.product-type.bundle.ui-testing";
		};
/* End PBXNativeTarget section */

/* Begin PBXProject section */
		222E9B8922D4927600C2D2C5 /* Project object */ = {
			isa = PBXProject;
			attributes = {
				LastSwiftUpdateCheck = 1020;
				LastUpgradeCheck = 1020;
				ORGANIZATIONNAME = "Amit Mathur";
				TargetAttributes = {
					222E9B9022D4927600C2D2C5 = {
						CreatedOnToolsVersion = 10.2;
					};
					222E9BA422D4927800C2D2C5 = {
						CreatedOnToolsVersion = 10.2;
						TestTargetID = 222E9B9022D4927600C2D2C5;
					};
					222E9BAF22D4927800C2D2C5 = {
						CreatedOnToolsVersion = 10.2;
						TestTargetID = 222E9B9022D4927600C2D2C5;
					};
				};
			};
			buildConfigurationList = 222E9B8C22D4927600C2D2C5 /* Build configuration list for PBXProject "RidgeVoice" */;
			compatibilityVersion = "Xcode 9.3";
			developmentRegion = en;
			hasScannedForEncodings = 0;
			knownRegions = (
				en,
				Base,
			);
			mainGroup = 222E9B8822D4927600C2D2C5;
			productRefGroup = 222E9B9222D4927600C2D2C5 /* Products */;
			projectDirPath = "";
			projectRoot = "";
			targets = (
				222E9B9022D4927600C2D2C5 /* RidgeVoice */,
				222E9BA422D4927800C2D2C5 /* RidgeVoiceTests */,
				222E9BAF22D4927800C2D2C5 /* RidgeVoiceUITests */,
			);
		};
/* End PBXProject section */

/* Begin PBXResourcesBuildPhase section */
		222E9B8F22D4927600C2D2C5 /* Resources */ = {
			isa = PBXResourcesBuildPhase;
			buildActionMask = 2147483647;
			files = (
				222E9B9F22D4927800C2D2C5 /* LaunchScreen.storyboard in Resources */,
				222E9B9C22D4927800C2D2C5 /* Assets.xcassets in Resources */,
				222E9B9A22D4927600C2D2C5 /* Main.storyboard in Resources */,
				22A72D2222D4A331008B9B83 /* GoogleService-Info.plist in Resources */,
			);
			runOnlyForDeploymentPostprocessing = 0;
		};
		222E9BA322D4927800C2D2C5 /* Resources */ = {
			isa = PBXResourcesBuildPhase;
			buildActionMask = 2147483647;
			files = (
			);
			runOnlyForDeploymentPostprocessing = 0;
		};
		222E9BAE22D4927800C2D2C5 /* Resources */ = {
			isa = PBXResourcesBuildPhase;
			buildActionMask = 2147483647;
			files = (
			);
			runOnlyForDeploymentPostprocessing = 0;
		};
/* End PBXResourcesBuildPhase section */

/* Begin PBXShellScriptBuildPhase section */
		7B2BD757C1CC238C0E485DCA /* [CP] Check Pods Manifest.lock */ = {
			isa = PBXShellScriptBuildPhase;
			buildActionMask = 2147483647;
			files = (
			);
			inputFileListPaths = (
			);
			inputPaths = (
				"${PODS_PODFILE_DIR_PATH}/Podfile.lock",
				"${PODS_ROOT}/Manifest.lock",
			);
			name = "[CP] Check Pods Manifest.lock";
			outputFileListPaths = (
			);
			outputPaths = (
				"$(DERIVED_FILE_DIR)/Pods-RidgeVoice-checkManifestLockResult.txt",
			);
			runOnlyForDeploymentPostprocessing = 0;
			shellPath = /bin/sh;
			shellScript = "diff \"${PODS_PODFILE_DIR_PATH}/Podfile.lock\" \"${PODS_ROOT}/Manifest.lock\" > /dev/null\nif [ $? != 0 ] ; then\n    # print error to STDERR\n    echo \"error: The sandbox is not in sync with the Podfile.lock. Run 'pod install' or update your CocoaPods installation.\" >&2\n    exit 1\nfi\n# This output is used by Xcode 'outputs' to avoid re-running this script phase.\necho \"SUCCESS\" > \"${SCRIPT_OUTPUT_FILE_0}\"\n";
			showEnvVarsInLog = 0;
		};
		A7B0E66BDF0581E766BE1D4B /* [CP] Embed Pods Frameworks */ = {
			isa = PBXShellScriptBuildPhase;
			buildActionMask = 2147483647;
			files = (
			);
			inputFileListPaths = (
				"${PODS_ROOT}/Target Support Files/Pods-RidgeVoice/Pods-RidgeVoice-frameworks-${CONFIGURATION}-input-files.xcfilelist",
			);
			name = "[CP] Embed Pods Frameworks";
			outputFileListPaths = (
				"${PODS_ROOT}/Target Support Files/Pods-RidgeVoice/Pods-RidgeVoice-frameworks-${CONFIGURATION}-output-files.xcfilelist",
			);
			runOnlyForDeploymentPostprocessing = 0;
			shellPath = /bin/sh;
			shellScript = "\"${PODS_ROOT}/Target Support Files/Pods-RidgeVoice/Pods-RidgeVoice-frameworks.sh\"\n";
			showEnvVarsInLog = 0;
		};
/* End PBXShellScriptBuildPhase section */

/* Begin PBXSourcesBuildPhase section */
		222E9B8D22D4927600C2D2C5 /* Sources */ = {
			isa = PBXSourcesBuildPhase;
			buildActionMask = 2147483647;
			files = (
				22D239FE22D8ACA1008B0AA1 /* RidgeIssuesVC.swift in Sources */,
				22C0D6E522D4A75700A33D9A /* LoginViewController.swift in Sources */,
				225382A522DB0BE2008845AF /* AnnouncementTableViewCell.swift in Sources */,
				22CB994C22E7296A005D5F6A /* ProfileTableViewCell.swift in Sources */,
				225382AB22DB2158008845AF /* PostAnnouncementViewController.swift in Sources */,
				22782CE622F5E91D00E89BDE /* AddItemViewController.swift in Sources */,
				22D239FC22D8AC89008B0AA1 /* AnnouncementVC.swift in Sources */,
				2216854A22F48946009CCF80 /* AddIssuesViewController.swift in Sources */,
				22C0D6ED22D4D98D00A33D9A /* SignUpViewController.swift in Sources */,
				22D239F622D8A8FA008B0AA1 /* ProfileViewController.swift in Sources */,
				22D239EA22D8A1F7008B0AA1 /* CollectionViewCell.swift in Sources */,
				22C0D6E922D4B50F00A33D9A /* ActivityIndicator.swift in Sources */,
				229EEB7D22E88490003E1905 /* EditProfileViewController.swift in Sources */,
				2216854822F48445009CCF80 /* RidgeIssues.swift in Sources */,
				2207692522D9D5BD00A27AF0 /* Member.swift in Sources */,
				22C0D6EB22D4B59600A33D9A /* Utility.swift in Sources */,
				2207692322D9C0DD00A27AF0 /* AddMemberViewController.swift in Sources */,
				225382A922DB1BE7008845AF /* CreatedAt.swift in Sources */,
				22AD792622D6044B0000CB6D /* User.swift in Sources */,
				222E9B9722D4927600C2D2C5 /* DashBoardVC.swift in Sources */,
				225382A722DB1AD2008845AF /* Announcement.swift in Sources */,
				22782CE422F5CB9D00E89BDE /* Item.swift in Sources */,
				2218F36622D8E595004D5B8B /* BoardTableViewCell.swift in Sources */,
				22D239F822D8AC4F008B0AA1 /* BoardMembersVC.swift in Sources */,
				22A72D1F22D495C3008B9B83 /* MediumBlogColorScheme_FullCode.swift in Sources */,
				222E9B9522D4927600C2D2C5 /* AppDelegate.swift in Sources */,
				222F809222F7162200B8EBC0 /* ItemDetailsViewController.swift in Sources */,
				22D239FA22D8AC72008B0AA1 /* BuySellVC.swift in Sources */,
			);
			runOnlyForDeploymentPostprocessing = 0;
		};
		222E9BA122D4927800C2D2C5 /* Sources */ = {
			isa = PBXSourcesBuildPhase;
			buildActionMask = 2147483647;
			files = (
				222E9BAA22D4927800C2D2C5 /* RidgeVoiceTests.swift in Sources */,
			);
			runOnlyForDeploymentPostprocessing = 0;
		};
		222E9BAC22D4927800C2D2C5 /* Sources */ = {
			isa = PBXSourcesBuildPhase;
			buildActionMask = 2147483647;
			files = (
				222E9BB522D4927800C2D2C5 /* RidgeVoiceUITests.swift in Sources */,
			);
			runOnlyForDeploymentPostprocessing = 0;
		};
/* End PBXSourcesBuildPhase section */

/* Begin PBXTargetDependency section */
		222E9BA722D4927800C2D2C5 /* PBXTargetDependency */ = {
			isa = PBXTargetDependency;
			target = 222E9B9022D4927600C2D2C5 /* RidgeVoice */;
			targetProxy = 222E9BA622D4927800C2D2C5 /* PBXContainerItemProxy */;
		};
		222E9BB222D4927800C2D2C5 /* PBXTargetDependency */ = {
			isa = PBXTargetDependency;
			target = 222E9B9022D4927600C2D2C5 /* RidgeVoice */;
			targetProxy = 222E9BB122D4927800C2D2C5 /* PBXContainerItemProxy */;
		};
/* End PBXTargetDependency section */

/* Begin PBXVariantGroup section */
		222E9B9822D4927600C2D2C5 /* Main.storyboard */ = {
			isa = PBXVariantGroup;
			children = (
				222E9B9922D4927600C2D2C5 /* Base */,
			);
			name = Main.storyboard;
			sourceTree = "<group>";
		};
		222E9B9D22D4927800C2D2C5 /* LaunchScreen.storyboard */ = {
			isa = PBXVariantGroup;
			children = (
				222E9B9E22D4927800C2D2C5 /* Base */,
			);
			name = LaunchScreen.storyboard;
			sourceTree = "<group>";
		};
/* End PBXVariantGroup section */

/* Begin XCBuildConfiguration section */
		222E9BB722D4927800C2D2C5 /* Debug */ = {
			isa = XCBuildConfiguration;
			buildSettings = {
				ALWAYS_SEARCH_USER_PATHS = NO;
				CLANG_ANALYZER_NONNULL = YES;
				CLANG_ANALYZER_NUMBER_OBJECT_CONVERSION = YES_AGGRESSIVE;
				CLANG_CXX_LANGUAGE_STANDARD = "gnu++14";
				CLANG_CXX_LIBRARY = "libc++";
				CLANG_ENABLE_MODULES = YES;
				CLANG_ENABLE_OBJC_ARC = YES;
				CLANG_ENABLE_OBJC_WEAK = YES;
				CLANG_WARN_BLOCK_CAPTURE_AUTORELEASING = YES;
				CLANG_WARN_BOOL_CONVERSION = YES;
				CLANG_WARN_COMMA = YES;
				CLANG_WARN_CONSTANT_CONVERSION = YES;
				CLANG_WARN_DEPRECATED_OBJC_IMPLEMENTATIONS = YES;
				CLANG_WARN_DIRECT_OBJC_ISA_USAGE = YES_ERROR;
				CLANG_WARN_DOCUMENTATION_COMMENTS = YES;
				CLANG_WARN_EMPTY_BODY = YES;
				CLANG_WARN_ENUM_CONVERSION = YES;
				CLANG_WARN_INFINITE_RECURSION = YES;
				CLANG_WARN_INT_CONVERSION = YES;
				CLANG_WARN_NON_LITERAL_NULL_CONVERSION = YES;
				CLANG_WARN_OBJC_IMPLICIT_RETAIN_SELF = YES;
				CLANG_WARN_OBJC_LITERAL_CONVERSION = YES;
				CLANG_WARN_OBJC_ROOT_CLASS = YES_ERROR;
				CLANG_WARN_RANGE_LOOP_ANALYSIS = YES;
				CLANG_WARN_STRICT_PROTOTYPES = YES;
				CLANG_WARN_SUSPICIOUS_MOVE = YES;
				CLANG_WARN_UNGUARDED_AVAILABILITY = YES_AGGRESSIVE;
				CLANG_WARN_UNREACHABLE_CODE = YES;
				CLANG_WARN__DUPLICATE_METHOD_MATCH = YES;
				CODE_SIGN_IDENTITY = "iPhone Developer";
				COPY_PHASE_STRIP = NO;
				DEBUG_INFORMATION_FORMAT = dwarf;
				ENABLE_STRICT_OBJC_MSGSEND = YES;
				ENABLE_TESTABILITY = YES;
				GCC_C_LANGUAGE_STANDARD = gnu11;
				GCC_DYNAMIC_NO_PIC = NO;
				GCC_NO_COMMON_BLOCKS = YES;
				GCC_OPTIMIZATION_LEVEL = 0;
				GCC_PREPROCESSOR_DEFINITIONS = (
					"DEBUG=1",
					"$(inherited)",
				);
				GCC_WARN_64_TO_32_BIT_CONVERSION = YES;
				GCC_WARN_ABOUT_RETURN_TYPE = YES_ERROR;
				GCC_WARN_UNDECLARED_SELECTOR = YES;
				GCC_WARN_UNINITIALIZED_AUTOS = YES_AGGRESSIVE;
				GCC_WARN_UNUSED_FUNCTION = YES;
				GCC_WARN_UNUSED_VARIABLE = YES;
				IPHONEOS_DEPLOYMENT_TARGET = 12.2;
				MTL_ENABLE_DEBUG_INFO = INCLUDE_SOURCE;
				MTL_FAST_MATH = YES;
				ONLY_ACTIVE_ARCH = YES;
				SDKROOT = iphoneos;
				SWIFT_ACTIVE_COMPILATION_CONDITIONS = DEBUG;
				SWIFT_OPTIMIZATION_LEVEL = "-Onone";
			};
			name = Debug;
		};
		222E9BB822D4927800C2D2C5 /* Release */ = {
			isa = XCBuildConfiguration;
			buildSettings = {
				ALWAYS_SEARCH_USER_PATHS = NO;
				CLANG_ANALYZER_NONNULL = YES;
				CLANG_ANALYZER_NUMBER_OBJECT_CONVERSION = YES_AGGRESSIVE;
				CLANG_CXX_LANGUAGE_STANDARD = "gnu++14";
				CLANG_CXX_LIBRARY = "libc++";
				CLANG_ENABLE_MODULES = YES;
				CLANG_ENABLE_OBJC_ARC = YES;
				CLANG_ENABLE_OBJC_WEAK = YES;
				CLANG_WARN_BLOCK_CAPTURE_AUTORELEASING = YES;
				CLANG_WARN_BOOL_CONVERSION = YES;
				CLANG_WARN_COMMA = YES;
				CLANG_WARN_CONSTANT_CONVERSION = YES;
				CLANG_WARN_DEPRECATED_OBJC_IMPLEMENTATIONS = YES;
				CLANG_WARN_DIRECT_OBJC_ISA_USAGE = YES_ERROR;
				CLANG_WARN_DOCUMENTATION_COMMENTS = YES;
				CLANG_WARN_EMPTY_BODY = YES;
				CLANG_WARN_ENUM_CONVERSION = YES;
				CLANG_WARN_INFINITE_RECURSION = YES;
				CLANG_WARN_INT_CONVERSION = YES;
				CLANG_WARN_NON_LITERAL_NULL_CONVERSION = YES;
				CLANG_WARN_OBJC_IMPLICIT_RETAIN_SELF = YES;
				CLANG_WARN_OBJC_LITERAL_CONVERSION = YES;
				CLANG_WARN_OBJC_ROOT_CLASS = YES_ERROR;
				CLANG_WARN_RANGE_LOOP_ANALYSIS = YES;
				CLANG_WARN_STRICT_PROTOTYPES = YES;
				CLANG_WARN_SUSPICIOUS_MOVE = YES;
				CLANG_WARN_UNGUARDED_AVAILABILITY = YES_AGGRESSIVE;
				CLANG_WARN_UNREACHABLE_CODE = YES;
				CLANG_WARN__DUPLICATE_METHOD_MATCH = YES;
				CODE_SIGN_IDENTITY = "iPhone Developer";
				COPY_PHASE_STRIP = NO;
				DEBUG_INFORMATION_FORMAT = "dwarf-with-dsym";
				ENABLE_NS_ASSERTIONS = NO;
				ENABLE_STRICT_OBJC_MSGSEND = YES;
				GCC_C_LANGUAGE_STANDARD = gnu11;
				GCC_NO_COMMON_BLOCKS = YES;
				GCC_WARN_64_TO_32_BIT_CONVERSION = YES;
				GCC_WARN_ABOUT_RETURN_TYPE = YES_ERROR;
				GCC_WARN_UNDECLARED_SELECTOR = YES;
				GCC_WARN_UNINITIALIZED_AUTOS = YES_AGGRESSIVE;
				GCC_WARN_UNUSED_FUNCTION = YES;
				GCC_WARN_UNUSED_VARIABLE = YES;
				IPHONEOS_DEPLOYMENT_TARGET = 12.2;
				MTL_ENABLE_DEBUG_INFO = NO;
				MTL_FAST_MATH = YES;
				SDKROOT = iphoneos;
				SWIFT_COMPILATION_MODE = wholemodule;
				SWIFT_OPTIMIZATION_LEVEL = "-O";
				VALIDATE_PRODUCT = YES;
			};
			name = Release;
		};
		222E9BBA22D4927800C2D2C5 /* Debug */ = {
			isa = XCBuildConfiguration;
			baseConfigurationReference = 9CB7F70FD361D95C779AEA21 /* Pods-RidgeVoice.debug.xcconfig */;
			buildSettings = {
				ASSETCATALOG_COMPILER_APPICON_NAME = AppIcon;
				CODE_SIGN_STYLE = Automatic;
				DEFINES_MODULE = NO;
				INFOPLIST_FILE = RidgeVoice/Info.plist;
				LD_RUNPATH_SEARCH_PATHS = (
					"$(inherited)",
					"@executable_path/Frameworks",
				);
				PRODUCT_BUNDLE_IDENTIFIER = com.app.ridgevoice.RidgeVoice;
				PRODUCT_NAME = "$(TARGET_NAME)";
				SWIFT_VERSION = 5.0;
				TARGETED_DEVICE_FAMILY = "1,2";
			};
			name = Debug;
		};
		222E9BBB22D4927800C2D2C5 /* Release */ = {
			isa = XCBuildConfiguration;
			baseConfigurationReference = CF7AF2EC4F66104E751691D7 /* Pods-RidgeVoice.release.xcconfig */;
			buildSettings = {
				ASSETCATALOG_COMPILER_APPICON_NAME = AppIcon;
				CODE_SIGN_STYLE = Automatic;
				DEFINES_MODULE = NO;
				INFOPLIST_FILE = RidgeVoice/Info.plist;
				LD_RUNPATH_SEARCH_PATHS = (
					"$(inherited)",
					"@executable_path/Frameworks",
				);
				PRODUCT_BUNDLE_IDENTIFIER = com.app.ridgevoice.RidgeVoice;
				PRODUCT_NAME = "$(TARGET_NAME)";
				SWIFT_VERSION = 5.0;
				TARGETED_DEVICE_FAMILY = "1,2";
			};
			name = Release;
		};
		222E9BBD22D4927800C2D2C5 /* Debug */ = {
			isa = XCBuildConfiguration;
			buildSettings = {
				ALWAYS_EMBED_SWIFT_STANDARD_LIBRARIES = YES;
				BUNDLE_LOADER = "$(TEST_HOST)";
				CODE_SIGN_STYLE = Automatic;
				INFOPLIST_FILE = RidgeVoiceTests/Info.plist;
				LD_RUNPATH_SEARCH_PATHS = (
					"$(inherited)",
					"@executable_path/Frameworks",
					"@loader_path/Frameworks",
				);
				PRODUCT_BUNDLE_IDENTIFIER = com.app.ridgevoice.RidgeVoiceTests;
				PRODUCT_NAME = "$(TARGET_NAME)";
				SWIFT_VERSION = 5.0;
				TARGETED_DEVICE_FAMILY = "1,2";
				TEST_HOST = "$(BUILT_PRODUCTS_DIR)/RidgeVoice.app/RidgeVoice";
			};
			name = Debug;
		};
		222E9BBE22D4927800C2D2C5 /* Release */ = {
			isa = XCBuildConfiguration;
			buildSettings = {
				ALWAYS_EMBED_SWIFT_STANDARD_LIBRARIES = YES;
				BUNDLE_LOADER = "$(TEST_HOST)";
				CODE_SIGN_STYLE = Automatic;
				INFOPLIST_FILE = RidgeVoiceTests/Info.plist;
				LD_RUNPATH_SEARCH_PATHS = (
					"$(inherited)",
					"@executable_path/Frameworks",
					"@loader_path/Frameworks",
				);
				PRODUCT_BUNDLE_IDENTIFIER = com.app.ridgevoice.RidgeVoiceTests;
				PRODUCT_NAME = "$(TARGET_NAME)";
				SWIFT_VERSION = 5.0;
				TARGETED_DEVICE_FAMILY = "1,2";
				TEST_HOST = "$(BUILT_PRODUCTS_DIR)/RidgeVoice.app/RidgeVoice";
			};
			name = Release;
		};
		222E9BC022D4927800C2D2C5 /* Debug */ = {
			isa = XCBuildConfiguration;
			buildSettings = {
				ALWAYS_EMBED_SWIFT_STANDARD_LIBRARIES = YES;
				CODE_SIGN_STYLE = Automatic;
				INFOPLIST_FILE = RidgeVoiceUITests/Info.plist;
				LD_RUNPATH_SEARCH_PATHS = (
					"$(inherited)",
					"@executable_path/Frameworks",
					"@loader_path/Frameworks",
				);
				PRODUCT_BUNDLE_IDENTIFIER = com.app.ridgevoice.RidgeVoiceUITests;
				PRODUCT_NAME = "$(TARGET_NAME)";
				SWIFT_VERSION = 5.0;
				TARGETED_DEVICE_FAMILY = "1,2";
				TEST_TARGET_NAME = RidgeVoice;
			};
			name = Debug;
		};
		222E9BC122D4927800C2D2C5 /* Release */ = {
			isa = XCBuildConfiguration;
			buildSettings = {
				ALWAYS_EMBED_SWIFT_STANDARD_LIBRARIES = YES;
				CODE_SIGN_STYLE = Automatic;
				INFOPLIST_FILE = RidgeVoiceUITests/Info.plist;
				LD_RUNPATH_SEARCH_PATHS = (
					"$(inherited)",
					"@executable_path/Frameworks",
					"@loader_path/Frameworks",
				);
				PRODUCT_BUNDLE_IDENTIFIER = com.app.ridgevoice.RidgeVoiceUITests;
				PRODUCT_NAME = "$(TARGET_NAME)";
				SWIFT_VERSION = 5.0;
				TARGETED_DEVICE_FAMILY = "1,2";
				TEST_TARGET_NAME = RidgeVoice;
			};
			name = Release;
		};
/* End XCBuildConfiguration section */

/* Begin XCConfigurationList section */
		222E9B8C22D4927600C2D2C5 /* Build configuration list for PBXProject "RidgeVoice" */ = {
			isa = XCConfigurationList;
			buildConfigurations = (
				222E9BB722D4927800C2D2C5 /* Debug */,
				222E9BB822D4927800C2D2C5 /* Release */,
			);
			defaultConfigurationIsVisible = 0;
			defaultConfigurationName = Release;
		};
		222E9BB922D4927800C2D2C5 /* Build configuration list for PBXNativeTarget "RidgeVoice" */ = {
			isa = XCConfigurationList;
			buildConfigurations = (
				222E9BBA22D4927800C2D2C5 /* Debug */,
				222E9BBB22D4927800C2D2C5 /* Release */,
			);
			defaultConfigurationIsVisible = 0;
			defaultConfigurationName = Release;
		};
		222E9BBC22D4927800C2D2C5 /* Build configuration list for PBXNativeTarget "RidgeVoiceTests" */ = {
			isa = XCConfigurationList;
			buildConfigurations = (
				222E9BBD22D4927800C2D2C5 /* Debug */,
				222E9BBE22D4927800C2D2C5 /* Release */,
			);
			defaultConfigurationIsVisible = 0;
			defaultConfigurationName = Release;
		};
		222E9BBF22D4927800C2D2C5 /* Build configuration list for PBXNativeTarget "RidgeVoiceUITests" */ = {
			isa = XCConfigurationList;
			buildConfigurations = (
				222E9BC022D4927800C2D2C5 /* Debug */,
				222E9BC122D4927800C2D2C5 /* Release */,
			);
			defaultConfigurationIsVisible = 0;
			defaultConfigurationName = Release;
		};
/* End XCConfigurationList section */
	};
	rootObject = 222E9B8922D4927600C2D2C5 /* Project object */;
}
